{
  "requires": true,
  "lockfileVersion": 1,
  "dependencies": {
    "vue": {
      "version": "2.6.1",
      "resolved": "https://registry.npmmirror.com/vue/download/vue-2.6.1.tgz?cache=0&sync_timestamp=1633712767060&other_urls=https%3A%2F%2Fregistry.npmmirror.com%2Fvue%2Fdownload%2Fvue-2.6.1.tgz",
      "integrity": "sha1-IWehnmSJ/4CCOI98X1yvVqMt26k="
    }
  }
}
